
Microsoft Visual Studio Solution File, Format Version 12.00
# Visual Studio 14
VisualStudioVersion = 14.0.24720.0
MinimumVisualStudioVersion = 10.0.40219.1
Project("{FAE04EC0-301F-11D3-BF4B-00C04F79EFBC}") = "DiceRoller", "DiceRoller\DiceRoller.csproj", "{0085D356-CC8F-49E5-AFAA-303C3A09F448}"
EndProject
Project("{FAE04EC0-301F-11D3-BF4B-00C04F79EFBC}") = "DiceRollerTests", "DiceRollerTests\DiceRollerTests.csproj", "{4C458330-259E-43ED-B9CF-AFD96AC8C6EC}"
EndProject
Project("{2150E333-8FDC-42A3-9474-1A3956D46DE8}") = "Solution Items", "Solution Items", "{33F54534-2E02-493B-8B19-414921D40D21}"
EndProject
Project("{FAE04EC0-301F-11D3-BF4B-00C04F79EFBC}") = "HelperItems", "Calculations\HelperItems.csproj", "{0E9FC3CD-0E57-4B58-B8CD-4F61ECDA9C07}"
EndProject
Project("{FAE04EC0-301F-11D3-BF4B-00C04F79EFBC}") = "HelperItemsTests", "HelperItemsTests\HelperItemsTests.csproj", "{53C15F27-7E12-4723-ADF0-D57C9989EBAB}"
EndProject
Project("{FAE04EC0-301F-11D3-BF4B-00C04F79EFBC}") = "CharacterObject", "CharacterObject\CharacterObject.csproj", "{5A013CCD-ACD9-4907-94D7-A4D8B6F0A036}"
EndProject
Project("{FAE04EC0-301F-11D3-BF4B-00C04F79EFBC}") = "CharacterSheet", "CharacterSheet\CharacterSheet.csproj", "{D5852324-E788-4AAB-A3A5-687CA78C5367}"
EndProject
Global
	GlobalSection(SolutionConfigurationPlatforms) = preSolution
		Debug|Any CPU = Debug|Any CPU
		Release|Any CPU = Release|Any CPU
	EndGlobalSection
	GlobalSection(ProjectConfigurationPlatforms) = postSolution
		{0085D356-CC8F-49E5-AFAA-303C3A09F448}.Debug|Any CPU.ActiveCfg = Debug|Any CPU
		{0085D356-CC8F-49E5-AFAA-303C3A09F448}.Debug|Any CPU.Build.0 = Debug|Any CPU
		{0085D356-CC8F-49E5-AFAA-303C3A09F448}.Release|Any CPU.ActiveCfg = Release|Any CPU
		{0085D356-CC8F-49E5-AFAA-303C3A09F448}.Release|Any CPU.Build.0 = Release|Any CPU
		{4C458330-259E-43ED-B9CF-AFD96AC8C6EC}.Debug|Any CPU.ActiveCfg = Debug|Any CPU
		{4C458330-259E-43ED-B9CF-AFD96AC8C6EC}.Debug|Any CPU.Build.0 = Debug|Any CPU
		{4C458330-259E-43ED-B9CF-AFD96AC8C6EC}.Release|Any CPU.ActiveCfg = Release|Any CPU
		{4C458330-259E-43ED-B9CF-AFD96AC8C6EC}.Release|Any CPU.Build.0 = Release|Any CPU
		{0E9FC3CD-0E57-4B58-B8CD-4F61ECDA9C07}.Debug|Any CPU.ActiveCfg = Debug|Any CPU
		{0E9FC3CD-0E57-4B58-B8CD-4F61ECDA9C07}.Debug|Any CPU.Build.0 = Debug|Any CPU
		{0E9FC3CD-0E57-4B58-B8CD-4F61ECDA9C07}.Release|Any CPU.ActiveCfg = Release|Any CPU
		{0E9FC3CD-0E57-4B58-B8CD-4F61ECDA9C07}.Release|Any CPU.Build.0 = Release|Any CPU
		{53C15F27-7E12-4723-ADF0-D57C9989EBAB}.Debug|Any CPU.ActiveCfg = Debug|Any CPU
		{53C15F27-7E12-4723-ADF0-D57C9989EBAB}.Debug|Any CPU.Build.0 = Debug|Any CPU
		{53C15F27-7E12-4723-ADF0-D57C9989EBAB}.Release|Any CPU.ActiveCfg = Release|Any CPU
		{53C15F27-7E12-4723-ADF0-D57C9989EBAB}.Release|Any CPU.Build.0 = Release|Any CPU
		{5A013CCD-ACD9-4907-94D7-A4D8B6F0A036}.Debug|Any CPU.ActiveCfg = Debug|Any CPU
		{5A013CCD-ACD9-4907-94D7-A4D8B6F0A036}.Debug|Any CPU.Build.0 = Debug|Any CPU
		{5A013CCD-ACD9-4907-94D7-A4D8B6F0A036}.Release|Any CPU.ActiveCfg = Release|Any CPU
		{5A013CCD-ACD9-4907-94D7-A4D8B6F0A036}.Release|Any CPU.Build.0 = Release|Any CPU
		{D5852324-E788-4AAB-A3A5-687CA78C5367}.Debug|Any CPU.ActiveCfg = Debug|Any CPU
		{D5852324-E788-4AAB-A3A5-687CA78C5367}.Debug|Any CPU.Build.0 = Debug|Any CPU
		{D5852324-E788-4AAB-A3A5-687CA78C5367}.Release|Any CPU.ActiveCfg = Release|Any CPU
		{D5852324-E788-4AAB-A3A5-687CA78C5367}.Release|Any CPU.Build.0 = Release|Any CPU
	EndGlobalSection
	GlobalSection(SolutionProperties) = preSolution
		HideSolutionNode = FALSE
	EndGlobalSection
EndGlobal
